// !$*UTF8*$!
{
	archiveVersion = 1;
	classes = {
	};
	objectVersion = 46;
	objects = {

/* Begin PBXBuildFile section */
		632ED4991C207D7D0050B0D8 /* AppDelegate.swift in Sources */ = {isa = PBXBuildFile; fileRef = 632ED4981C207D7D0050B0D8 /* AppDelegate.swift */; };
		632ED49B1C207D7D0050B0D8 /* ViewController.swift in Sources */ = {isa = PBXBuildFile; fileRef = 632ED49A1C207D7D0050B0D8 /* ViewController.swift */; };
		632ED49E1C207D7D0050B0D8 /* Main.storyboard in Resources */ = {isa = PBXBuildFile; fileRef = 632ED49C1C207D7D0050B0D8 /* Main.storyboard */; };
		632ED4A01C207D7D0050B0D8 /* Assets.xcassets in Resources */ = {isa = PBXBuildFile; fileRef = 632ED49F1C207D7D0050B0D8 /* Assets.xcassets */; };
		632ED4A31C207D7D0050B0D8 /* LaunchScreen.storyboard in Resources */ = {isa = PBXBuildFile; fileRef = 632ED4A11C207D7D0050B0D8 /* LaunchScreen.storyboard */; };
		632ED4AE1C207D7D0050B0D8 /* BingoGame01Tests.swift in Sources */ = {isa = PBXBuildFile; fileRef = 632ED4AD1C207D7D0050B0D8 /* BingoGame01Tests.swift */; };
		632ED4B91C207D7D0050B0D8 /* BingoGame01UITests.swift in Sources */ = {isa = PBXBuildFile; fileRef = 632ED4B81C207D7D0050B0D8 /* BingoGame01UITests.swift */; };
		632ED4C71C207E5E0050B0D8 /* bingocard.jpg in Resources */ = {isa = PBXBuildFile; fileRef = 632ED4C61C207E5E0050B0D8 /* bingocard.jpg */; };
/* End PBXBuildFile section */

/* Begin PBXContainerItemProxy section */
		632ED4AA1C207D7D0050B0D8 /* PBXContainerItemProxy */ = {
			isa = PBXContainerItemProxy;
			containerPortal = 632ED48D1C207D7D0050B0D8 /* Project object */;
			proxyType = 1;
			remoteGlobalIDString = 632ED4941C207D7D0050B0D8;
			remoteInfo = BingoGame01;
		};
		632ED4B51C207D7D0050B0D8 /* PBXContainerItemProxy */ = {
			isa = PBXContainerItemProxy;
			containerPortal = 632ED48D1C207D7D0050B0D8 /* Project object */;
			proxyType = 1;
			remoteGlobalIDString = 632ED4941C207D7D0050B0D8;
			remoteInfo = BingoGame01;
		};
/* End PBXContainerItemProxy section */

/* Begin PBXFileReference section */
		632ED4951C207D7D0050B0D8 /* BingoGame01.app */ = {isa = PBXFileReference; explicitFileType = wrapper.application; includeInIndex = 0; path = BingoGame01.app; sourceTree = BUILT_PRODUCTS_DIR; };
		632ED4981C207D7D0050B0D8 /* AppDelegate.swift */ = {isa = PBXFileReference; lastKnownFileType = sourcecode.swift; path = AppDelegate.swift; sourceTree = "<group>"; };
		632ED49A1C207D7D0050B0D8 /* ViewController.swift */ = {isa = PBXFileReference; lastKnownFileType = sourcecode.swift; path = ViewController.swift; sourceTree = "<group>"; };
		632ED49D1C207D7D0050B0D8 /* Base */ = {isa = PBXFileReference; lastKnownFileType = file.storyboard; name = Base; path = Base.lproj/Main.storyboard; sourceTree = "<group>"; };
		632ED49F1C207D7D0050B0D8 /* Assets.xcassets */ = {isa = PBXFileReference; lastKnownFileType = folder.assetcatalog; path = Assets.xcassets; sourceTree = "<group>"; };
		632ED4A21C207D7D0050B0D8 /* Base */ = {isa = PBXFileReference; lastKnownFileType = file.storyboard; name = Base; path = Base.lproj/LaunchScreen.storyboard; sourceTree = "<group>"; };
		632ED4A41C207D7D0050B0D8 /* Info.plist */ = {isa = PBXFileReference; lastKnownFileType = text.plist.xml; path = Info.plist; sourceTree = "<group>"; };
		632ED4A91C207D7D0050B0D8 /* BingoGame01Tests.xctest */ = {isa = PBXFileReference; explicitFileType = wrapper.cfbundle; includeInIndex = 0; path = BingoGame01Tests.xctest; sourceTree = BUILT_PRODUCTS_DIR; };
		632ED4AD1C207D7D0050B0D8 /* BingoGame01Tests.swift */ = {isa = PBXFileReference; lastKnownFileType = sourcecode.swift; path = BingoGame01Tests.swift; sourceTree = "<group>"; };
		632ED4AF1C207D7D0050B0D8 /* Info.plist */ = {isa = PBXFileReference; lastKnownFileType = text.plist.xml; path = Info.plist; sourceTree = "<group>"; };
		632ED4B41C207D7D0050B0D8 /* BingoGame01UITests.xctest */ = {isa = PBXFileReference; explicitFileType = wrapper.cfbundle; includeInIndex = 0; path = BingoGame01UITests.xctest; sourceTree = BUILT_PRODUCTS_DIR; };
		632ED4B81C207D7D0050B0D8 /* BingoGame01UITests.swift */ = {isa = PBXFileReference; lastKnownFileType = sourcecode.swift; path = BingoGame01UITests.swift; sourceTree = "<group>"; };
		632ED4BA1C207D7D0050B0D8 /* Info.plist */ = {isa = PBXFileReference; lastKnownFileType = text.plist.xml; path = Info.plist; sourceTree = "<group>"; };
		632ED4C61C207E5E0050B0D8 /* bingocard.jpg */ = {isa = PBXFileReference; lastKnownFileType = image.jpeg; path = bingocard.jpg; sourceTree = "<group>"; };
/* End PBXFileReference section */

/* Begin PBXFrameworksBuildPhase section */
		632ED4921C207D7D0050B0D8 /* Frameworks */ = {
			isa = PBXFrameworksBuildPhase;
			buildActionMask = 2147483647;
			files = (
			);
			runOnlyForDeploymentPostprocessing = 0;
		};
		632ED4A61C207D7D0050B0D8 /* Frameworks */ = {
			isa = PBXFrameworksBuildPhase;
			buildActionMask = 2147483647;
			files = (
			);
			runOnlyForDeploymentPostprocessing = 0;
		};
		632ED4B11C207D7D0050B0D8 /* Frameworks */ = {
			isa = PBXFrameworksBuildPhase;
			buildActionMask = 2147483647;
			files = (
			);
			runOnlyForDeploymentPostprocessing = 0;
		};
/* End PBXFrameworksBuildPhase section */

/* Begin PBXGroup section */
		632ED48C1C207D7D0050B0D8 = {
			isa = PBXGroup;
			children = (
				632ED4971C207D7D0050B0D8 /* BingoGame01 */,
				632ED4AC1C207D7D0050B0D8 /* BingoGame01Tests */,
				632ED4B71C207D7D0050B0D8 /* BingoGame01UITests */,
				632ED4961C207D7D0050B0D8 /* Products */,
			);
			sourceTree = "<group>";
		};
		632ED4961C207D7D0050B0D8 /* Products */ = {
			isa = PBXGroup;
			children = (
				632ED4951C207D7D0050B0D8 /* BingoGame01.app */,
				632ED4A91C207D7D0050B0D8 /* BingoGame01Tests.xctest */,
				632ED4B41C207D7D0050B0D8 /* BingoGame01UITests.xctest */,
			);
			name = Products;
			sourceTree = "<group>";
		};
		632ED4971C207D7D0050B0D8 /* BingoGame01 */ = {
			isa = PBXGroup;
			children = (
				632ED4981C207D7D0050B0D8 /* AppDelegate.swift */,
				632ED49A1C207D7D0050B0D8 /* ViewController.swift */,
				632ED49C1C207D7D0050B0D8 /* Main.storyboard */,
				632ED4C61C207E5E0050B0D8 /* bingocard.jpg */,
				632ED49F1C207D7D0050B0D8 /* Assets.xcassets */,
				632ED4A11C207D7D0050B0D8 /* LaunchScreen.storyboard */,
				632ED4A41C207D7D0050B0D8 /* Info.plist */,
			);
			path = BingoGame01;
			sourceTree = "<group>";
		};
		632ED4AC1C207D7D0050B0D8 /* BingoGame01Tests */ = {
			isa = PBXGroup;
			children = (
				632ED4AD1C207D7D0050B0D8 /* BingoGame01Tests.swift */,
				632ED4AF1C207D7D0050B0D8 /* Info.plist */,
			);
			path = BingoGame01Tests;
			sourceTree = "<group>";
		};
		632ED4B71C207D7D0050B0D8 /* BingoGame01UITests */ = {
			isa = PBXGroup;
			children = (
				632ED4B81C207D7D0050B0D8 /* BingoGame01UITests.swift */,
				632ED4BA1C207D7D0050B0D8 /* Info.plist */,
			);
			path = BingoGame01UITests;
			sourceTree = "<group>";
		};
/* End PBXGroup section */

/* Begin PBXNativeTarget section */
		632ED4941C207D7D0050B0D8 /* BingoGame01 */ = {
			isa = PBXNativeTarget;
			buildConfigurationList = 632ED4BD1C207D7D0050B0D8 /* Build configuration list for PBXNativeTarget "BingoGame01" */;
			buildPhases = (
				632ED4911C207D7D0050B0D8 /* Sources */,
				632ED4921C207D7D0050B0D8 /* Frameworks */,
				632ED4931C207D7D0050B0D8 /* Resources */,
			);
			buildRules = (
			);
			dependencies = (
			);
			name = BingoGame01;
			productName = BingoGame01;
			productReference = 632ED4951C207D7D0050B0D8 /* BingoGame01.app */;
			productType = "com.apple.product-type.application";
		};
		632ED4A81C207D7D0050B0D8 /* BingoGame01Tests */ = {
			isa = PBXNativeTarget;
			buildConfigurationList = 632ED4C01C207D7D0050B0D8 /* Build configuration list for PBXNativeTarget "BingoGame01Tests" */;
			buildPhases = (
				632ED4A51C207D7D0050B0D8 /* Sources */,
				632ED4A61C207D7D0050B0D8 /* Frameworks */,
				632ED4A71C207D7D0050B0D8 /* Resources */,
			);
			buildRules = (
			);
			dependencies = (
				632ED4AB1C207D7D0050B0D8 /* PBXTargetDependency */,
			);
			name = BingoGame01Tests;
			productName = BingoGame01Tests;
			productReference = 632ED4A91C207D7D0050B0D8 /* BingoGame01Tests.xctest */;
			productType = "com.apple.product-type.bundle.unit-test";
		};
		632ED4B31C207D7D0050B0D8 /* BingoGame01UITests */ = {
			isa = PBXNativeTarget;
			buildConfigurationList = 632ED4C31C207D7D0050B0D8 /* Build configuration list for PBXNativeTarget "BingoGame01UITests" */;
			buildPhases = (
				632ED4B01C207D7D0050B0D8 /* Sources */,
				632ED4B11C207D7D0050B0D8 /* Frameworks */,
				632ED4B21C207D7D0050B0D8 /* Resources */,
			);
			buildRules = (
			);
			dependencies = (
				632ED4B61C207D7D0050B0D8 /* PBXTargetDependency */,
			);
			name = BingoGame01UITests;
			productName = BingoGame01UITests;
			productReference = 632ED4B41C207D7D0050B0D8 /* BingoGame01UITests.xctest */;
			productType = "com.apple.product-type.bundle.ui-testing";
		};
/* End PBXNativeTarget section */

/* Begin PBXProject section */
		632ED48D1C207D7D0050B0D8 /* Project object */ = {
			isa = PBXProject;
			attributes = {
				LastSwiftUpdateCheck = 0710;
				LastUpgradeCheck = 0710;
				ORGANIZATIONNAME = "Wataru Inoue";
				TargetAttributes = {
					632ED4941C207D7D0050B0D8 = {
						CreatedOnToolsVersion = 7.1;
						DevelopmentTeam = CJPA6M3LJM;
					};
					632ED4A81C207D7D0050B0D8 = {
						CreatedOnToolsVersion = 7.1;
						DevelopmentTeam = CJPA6M3LJM;
						TestTargetID = 632ED4941C207D7D0050B0D8;
					};
					632ED4B31C207D7D0050B0D8 = {
						CreatedOnToolsVersion = 7.1;
						DevelopmentTeam = CJPA6M3LJM;
						TestTargetID = 632ED4941C207D7D0050B0D8;
					};
				};
			};
			buildConfigurationList = 632ED4901C207D7D0050B0D8 /* Build configuration list for PBXProject "BingoGame01" */;
			compatibilityVersion = "Xcode 3.2";
			developmentRegion = English;
			hasScannedForEncodings = 0;
			knownRegions = (
				en,
				Base,
			);
			mainGroup = 632ED48C1C207D7D0050B0D8;
			productRefGroup = 632ED4961C207D7D0050B0D8 /* Products */;
			projectDirPath = "";
			projectRoot = "";
			targets = (
				632ED4941C207D7D0050B0D8 /* BingoGame01 */,
				632ED4A81C207D7D0050B0D8 /* BingoGame01Tests */,
				632ED4B31C207D7D0050B0D8 /* BingoGame01UITests */,
			);
		};
/* End PBXProject section */

/* Begin PBXResourcesBuildPhase section */
		632ED4931C207D7D0050B0D8 /* Resources */ = {
			isa = PBXResourcesBuildPhase;
			buildActionMask = 2147483647;
			files = (
				632ED4A31C207D7D0050B0D8 /* LaunchScreen.storyboard in Resources */,
				632ED4C71C207E5E0050B0D8 /* bingocard.jpg in Resources */,
				632ED4A01C207D7D0050B0D8 /* Assets.xcassets in Resources */,
				632ED49E1C207D7D0050B0D8 /* Main.storyboard in Resources */,
			);
			runOnlyForDeploymentPostprocessing = 0;
		};
		632ED4A71C207D7D0050B0D8 /* Resources */ = {
			isa = PBXResourcesBuildPhase;
			buildActionMask = 2147483647;
			files = (
			);
			runOnlyForDeploymentPostprocessing = 0;
		};
		632ED4B21C207D7D0050B0D8 /* Resources */ = {
			isa = PBXResourcesBuildPhase;
			buildActionMask = 2147483647;
			files = (
			);
			runOnlyForDeploymentPostprocessing = 0;
		};
/* End PBXResourcesBuildPhase section */

/* Begin PBXSourcesBuildPhase section */
		632ED4911C207D7D0050B0D8 /* Sources */ = {
			isa = PBXSourcesBuildPhase;
			buildActionMask = 2147483647;
			files = (
				632ED49B1C207D7D0050B0D8 /* ViewController.swift in Sources */,
				632ED4991C207D7D0050B0D8 /* AppDelegate.swift in Sources */,
			);
			runOnlyForDeploymentPostprocessing = 0;
		};
		632ED4A51C207D7D0050B0D8 /* Sources */ = {
			isa = PBXSourcesBuildPhase;
			buildActionMask = 2147483647;
			files = (
				632ED4AE1C207D7D0050B0D8 /* BingoGame01Tests.swift in Sources */,
			);
			runOnlyForDeploymentPostprocessing = 0;
		};
		632ED4B01C207D7D0050B0D8 /* Sources */ = {
			isa = PBXSourcesBuildPhase;
			buildActionMask = 2147483647;
			files = (
				632ED4B91C207D7D0050B0D8 /* BingoGame01UITests.swift in Sources */,
			);
			runOnlyForDeploymentPostprocessing = 0;
		};
/* End PBXSourcesBuildPhase section */

/* Begin PBXTargetDependency section */
		632ED4AB1C207D7D0050B0D8 /* PBXTargetDependency */ = {
			isa = PBXTargetDependency;
			target = 632ED4941C207D7D0050B0D8 /* BingoGame01 */;
			targetProxy = 632ED4AA1C207D7D0050B0D8 /* PBXContainerItemProxy */;
		};
		632ED4B61C207D7D0050B0D8 /* PBXTargetDependency */ = {
			isa = PBXTargetDependency;
			target = 632ED4941C207D7D0050B0D8 /* BingoGame01 */;
			targetProxy = 632ED4B51C207D7D0050B0D8 /* PBXContainerItemProxy */;
		};
/* End PBXTargetDependency section */

/* Begin PBXVariantGroup section */
		632ED49C1C207D7D0050B0D8 /* Main.storyboard */ = {
			isa = PBXVariantGroup;
			children = (
				632ED49D1C207D7D0050B0D8 /* Base */,
			);
			name = Main.storyboard;
			sourceTree = "<group>";
		};
		632ED4A11C207D7D0050B0D8 /* LaunchScreen.storyboard */ = {
			isa = PBXVariantGroup;
			children = (
				632ED4A21C207D7D0050B0D8 /* Base */,
			);
			name = LaunchScreen.storyboard;
			sourceTree = "<group>";
		};
/* End PBXVariantGroup section */

/* Begin XCBuildConfiguration section */
		632ED4BB1C207D7D0050B0D8 /* Debug */ = {
			isa = XCBuildConfiguration;
			buildSettings = {
				ALWAYS_SEARCH_USER_PATHS = NO;
				CLANG_CXX_LANGUAGE_STANDARD = "gnu++0x";
				CLANG_CXX_LIBRARY = "libc++";
				CLANG_ENABLE_MODULES = YES;
				CLANG_ENABLE_OBJC_ARC = YES;
				CLANG_WARN_BOOL_CONVERSION = YES;
				CLANG_WARN_CONSTANT_CONVERSION = YES;
				CLANG_WARN_DIRECT_OBJC_ISA_USAGE = YES_ERROR;
				CLANG_WARN_EMPTY_BODY = YES;
				CLANG_WARN_ENUM_CONVERSION = YES;
				CLANG_WARN_INT_CONVERSION = YES;
				CLANG_WARN_OBJC_ROOT_CLASS = YES_ERROR;
				CLANG_WARN_UNREACHABLE_CODE = YES;
				CLANG_WARN__DUPLICATE_METHOD_MATCH = YES;
				"CODE_SIGN_IDENTITY[sdk=iphoneos*]" = "iPhone Developer";
				COPY_PHASE_STRIP = NO;
				DEBUG_INFORMATION_FORMAT = dwarf;
				ENABLE_STRICT_OBJC_MSGSEND = YES;
				ENABLE_TESTABILITY = YES;
				GCC_C_LANGUAGE_STANDARD = gnu99;
				GCC_DYNAMIC_NO_PIC = NO;
				GCC_NO_COMMON_BLOCKS = YES;
				GCC_OPTIMIZATION_LEVEL = 0;
				GCC_PREPROCESSOR_DEFINITIONS = (
					"DEBUG=1",
					"$(inherited)",
				);
				GCC_WARN_64_TO_32_BIT_CONVERSION = YES;
				GCC_WARN_ABOUT_RETURN_TYPE = YES_ERROR;
				GCC_WARN_UNDECLARED_SELECTOR = YES;
				GCC_WARN_UNINITIALIZED_AUTOS = YES_AGGRESSIVE;
				GCC_WARN_UNUSED_FUNCTION = YES;
				GCC_WARN_UNUSED_VARIABLE = YES;
				IPHONEOS_DEPLOYMENT_TARGET = 8.1;
				MTL_ENABLE_DEBUG_INFO = YES;
				ONLY_ACTIVE_ARCH = YES;
				SDKROOT = iphoneos;
				SWIFT_OPTIMIZATION_LEVEL = "-Onone";
			};
			name = Debug;
		};
		632ED4BC1C207D7D0050B0D8 /* Release */ = {
			isa = XCBuildConfiguration;
			buildSettings = {
				ALWAYS_SEARCH_USER_PATHS = NO;
				CLANG_CXX_LANGUAGE_STANDARD = "gnu++0x";
				CLANG_CXX_LIBRARY = "libc++";
				CLANG_ENABLE_MODULES = YES;
				CLANG_ENABLE_OBJC_ARC = YES;
				CLANG_WARN_BOOL_CONVERSION = YES;
				CLANG_WARN_CONSTANT_CONVERSION = YES;
				CLANG_WARN_DIRECT_OBJC_ISA_USAGE = YES_ERROR;
				CLANG_WARN_EMPTY_BODY = YES;
				CLANG_WARN_ENUM_CONVERSION = YES;
				CLANG_WARN_INT_CONVERSION = YES;
				CLANG_WARN_OBJC_ROOT_CLASS = YES_ERROR;
				CLANG_WARN_UNREACHABLE_CODE = YES;
				CLANG_WARN__DUPLICATE_METHOD_MATCH = YES;
				"CODE_SIGN_IDENTITY[sdk=iphoneos*]" = "iPhone Developer";
				COPY_PHASE_STRIP = NO;
				DEBUG_INFORMATION_FORMAT = "dwarf-with-dsym";
				ENABLE_NS_ASSERTIONS = NO;
				ENABLE_STRICT_OBJC_MSGSEND = YES;
				GCC_C_LANGUAGE_STANDARD = gnu99;
				GCC_NO_COMMON_BLOCKS = YES;
				GCC_WARN_64_TO_32_BIT_CONVERSION = YES;
				GCC_WARN_ABOUT_RETURN_TYPE = YES_ERROR;
				GCC_WARN_UNDECLARED_SELECTOR = YES;
				GCC_WARN_UNINITIALIZED_AUTOS = YES_AGGRESSIVE;
				GCC_WARN_UNUSED_FUNCTION = YES;
				GCC_WARN_UNUSED_VARIABLE = YES;
				IPHONEOS_DEPLOYMENT_TARGET = 8.1;
				MTL_ENABLE_DEBUG_INFO = NO;
				SDKROOT = iphoneos;
				VALIDATE_PRODUCT = YES;
			};
			name = Release;
		};
		632ED4BE1C207D7D0050B0D8 /* Debug */ = {
			isa = XCBuildConfiguration;
			buildSettings = {
				ASSETCATALOG_COMPILER_APPICON_NAME = AppIcon;
				INFOPLIST_FILE = BingoGame01/Info.plist;
				IPHONEOS_DEPLOYMENT_TARGET = 8.1;
				LD_RUNPATH_SEARCH_PATHS = "$(inherited) @executable_path/Frameworks";
				PRODUCT_BUNDLE_IDENTIFIER = com.litech.BingoGame01;
				PRODUCT_NAME = "$(TARGET_NAME)";
			};
			name = Debug;
		};
		632ED4BF1C207D7D0050B0D8 /* Release */ = {
			isa = XCBuildConfiguration;
			buildSettings = {
				ASSETCATALOG_COMPILER_APPICON_NAME = AppIcon;
				INFOPLIST_FILE = BingoGame01/Info.plist;
				IPHONEOS_DEPLOYMENT_TARGET = 8.1;
				LD_RUNPATH_SEARCH_PATHS = "$(inherited) @executable_path/Frameworks";
				PRODUCT_BUNDLE_IDENTIFIER = com.litech.BingoGame01;
				PRODUCT_NAME = "$(TARGET_NAME)";
			};
			name = Release;
		};
		632ED4C11C207D7D0050B0D8 /* Debug */ = {
			isa = XCBuildConfiguration;
			buildSettings = {
				BUNDLE_LOADER = "$(TEST_HOST)";
				INFOPLIST_FILE = BingoGame01Tests/Info.plist;
				LD_RUNPATH_SEARCH_PATHS = "$(inherited) @executable_path/Frameworks @loader_path/Frameworks";
				PRODUCT_BUNDLE_IDENTIFIER = com.litech.BingoGame01Tests;
				PRODUCT_NAME = "$(TARGET_NAME)";
				TEST_HOST = "$(BUILT_PRODUCTS_DIR)/BingoGame01.app/BingoGame01";
			};
			name = Debug;
		};
		632ED4C21C207D7D0050B0D8 /* Release */ = {
			isa = XCBuildConfiguration;
			buildSettings = {
				BUNDLE_LOADER = "$(TEST_HOST)";
				INFOPLIST_FILE = BingoGame01Tests/Info.plist;
				LD_RUNPATH_SEARCH_PATHS = "$(inherited) @executable_path/Frameworks @loader_path/Frameworks";
				PRODUCT_BUNDLE_IDENTIFIER = com.litech.BingoGame01Tests;
				PRODUCT_NAME = "$(TARGET_NAME)";
				TEST_HOST = "$(BUILT_PRODUCTS_DIR)/BingoGame01.app/BingoGame01";
			};
			name = Release;
		};
		632ED4C41C207D7D0050B0D8 /* Debug */ = {
			isa = XCBuildConfiguration;
			buildSettings = {
				INFOPLIST_FILE = BingoGame01UITests/Info.plist;
				LD_RUNPATH_SEARCH_PATHS = "$(inherited) @executable_path/Frameworks @loader_path/Frameworks";
				PRODUCT_BUNDLE_IDENTIFIER = com.litech.BingoGame01UITests;
				PRODUCT_NAME = "$(TARGET_NAME)";
				TEST_TARGET_NAME = BingoGame01;
				USES_XCTRUNNER = YES;
			};
			name = Debug;
		};
		632ED4C51C207D7D0050B0D8 /* Release */ = {
			isa = XCBuildConfiguration;
			buildSettings = {
				INFOPLIST_FILE = BingoGame01UITests/Info.plist;
				LD_RUNPATH_SEARCH_PATHS = "$(inherited) @executable_path/Frameworks @loader_path/Frameworks";
				PRODUCT_BUNDLE_IDENTIFIER = com.litech.BingoGame01UITests;
				PRODUCT_NAME = "$(TARGET_NAME)";
				TEST_TARGET_NAME = BingoGame01;
				USES_XCTRUNNER = YES;
			};
			name = Release;
		};
/* End XCBuildConfiguration section */

/* Begin XCConfigurationList section */
		632ED4901C207D7D0050B0D8 /* Build configuration list for PBXProject "BingoGame01" */ = {
			isa = XCConfigurationList;
			buildConfigurations = (
				632ED4BB1C207D7D0050B0D8 /* Debug */,
				632ED4BC1C207D7D0050B0D8 /* Release */,
			);
			defaultConfigurationIsVisible = 0;
			defaultConfigurationName = Release;
		};
		632ED4BD1C207D7D0050B0D8 /* Build configuration list for PBXNativeTarget "BingoGame01" */ = {
			isa = XCConfigurationList;
			buildConfigurations = (
				632ED4BE1C207D7D0050B0D8 /* Debug */,
				632ED4BF1C207D7D0050B0D8 /* Release */,
			);
			defaultConfigurationIsVisible = 0;
			defaultConfigurationName = Release;
		};
		632ED4C01C207D7D0050B0D8 /* Build configuration list for PBXNativeTarget "BingoGame01Tests" */ = {
			isa = XCConfigurationList;
			buildConfigurations = (
				632ED4C11C207D7D0050B0D8 /* Debug */,
				632ED4C21C207D7D0050B0D8 /* Release */,
			);
			defaultConfigurationIsVisible = 0;
			defaultConfigurationName = Release;
		};
		632ED4C31C207D7D0050B0D8 /* Build configuration list for PBXNativeTarget "BingoGame01UITests" */ = {
			isa = XCConfigurationList;
			buildConfigurations = (
				632ED4C41C207D7D0050B0D8 /* Debug */,
				632ED4C51C207D7D0050B0D8 /* Release */,
			);
			defaultConfigurationIsVisible = 0;
			defaultConfigurationName = Release;
		};
/* End XCConfigurationList section */
	};
	rootObject = 632ED48D1C207D7D0050B0D8 /* Project object */;
}
